
Microsoft Visual Studio Solution File, Format Version 12.00
# Visual Studio Version 17
VisualStudioVersion = 17.0.31903.59
MinimumVisualStudioVersion = 10.0.40219.1
Project("{FAE04EC0-301F-11D3-BF4B-00C04F79EFBC}") = "ColorSpheres", "ColorSpheres\ColorSpheres.csproj", "{971770C2-4245-4183-9964-3B5EA65A283D}"
EndProject
Project("{FAE04EC0-301F-11D3-BF4B-00C04F79EFBC}") = "BetterColorSpheres", "BetterColorSpheres\BetterColorSpheres.csproj", "{1E895CC8-3FA2-4C53-A935-27F099A72484}"
EndProject
Project("{FAE04EC0-301F-11D3-BF4B-00C04F79EFBC}") = "PlayerStats", "PlayerStats\PlayerStats.csproj", "{8D0C2A8B-A7F2-4ADA-AE0D-BCDA4007E139}"
EndProject
Global
	GlobalSection(SolutionConfigurationPlatforms) = preSolution
		Debug|Any CPU = Debug|Any CPU
		Release|Any CPU = Release|Any CPU
	EndGlobalSection
	GlobalSection(SolutionProperties) = preSolution
		HideSolutionNode = FALSE
	EndGlobalSection
	GlobalSection(ProjectConfigurationPlatforms) = postSolution
		{971770C2-4245-4183-9964-3B5EA65A283D}.Debug|Any CPU.ActiveCfg = Debug|Any CPU
		{971770C2-4245-4183-9964-3B5EA65A283D}.Debug|Any CPU.Build.0 = Debug|Any CPU
		{971770C2-4245-4183-9964-3B5EA65A283D}.Release|Any CPU.ActiveCfg = Release|Any CPU
		{971770C2-4245-4183-9964-3B5EA65A283D}.Release|Any CPU.Build.0 = Release|Any CPU
		{1E895CC8-3FA2-4C53-A935-27F099A72484}.Debug|Any CPU.ActiveCfg = Debug|Any CPU
		{1E895CC8-3FA2-4C53-A935-27F099A72484}.Debug|Any CPU.Build.0 = Debug|Any CPU
		{1E895CC8-3FA2-4C53-A935-27F099A72484}.Release|Any CPU.ActiveCfg = Release|Any CPU
		{1E895CC8-3FA2-4C53-A935-27F099A72484}.Release|Any CPU.Build.0 = Release|Any CPU
		{8D0C2A8B-A7F2-4ADA-AE0D-BCDA4007E139}.Debug|Any CPU.ActiveCfg = Debug|Any CPU
		{8D0C2A8B-A7F2-4ADA-AE0D-BCDA4007E139}.Debug|Any CPU.Build.0 = Debug|Any CPU
		{8D0C2A8B-A7F2-4ADA-AE0D-BCDA4007E139}.Release|Any CPU.ActiveCfg = Release|Any CPU
		{8D0C2A8B-A7F2-4ADA-AE0D-BCDA4007E139}.Release|Any CPU.Build.0 = Release|Any CPU
	EndGlobalSection
EndGlobal
