
Microsoft Visual Studio Solution File, Format Version 12.00
# Visual Studio Version 17
VisualStudioVersion = 17.0.31903.59
MinimumVisualStudioVersion = 10.0.40219.1
Project("{FAE04EC0-301F-11D3-BF4B-00C04F79EFBC}") = "Chronos", "Chronos\Chronos.csproj", "{BBAEA34D-2B76-498A-B877-36E15B432526}"
EndProject
Project("{FAE04EC0-301F-11D3-BF4B-00C04F79EFBC}") = "RandomTest", "RandomTest\RandomTest.csproj", "{BA7DB19D-B3E4-48DC-88A3-C3C68623D46E}"
EndProject
Project("{FAE04EC0-301F-11D3-BF4B-00C04F79EFBC}") = "RandDice", "RandDice\RandDice.csproj", "{7390C6CB-06D8-436F-B40C-844148D3B41A}"
EndProject
Project("{FAE04EC0-301F-11D3-BF4B-00C04F79EFBC}") = "MyGame", "MyGame\MyGame.csproj", "{0BC2547A-313F-4127-A0F5-BBA2C349FAA7}"
EndProject
Global
	GlobalSection(SolutionConfigurationPlatforms) = preSolution
		Debug|Any CPU = Debug|Any CPU
		Release|Any CPU = Release|Any CPU
	EndGlobalSection
	GlobalSection(SolutionProperties) = preSolution
		HideSolutionNode = FALSE
	EndGlobalSection
	GlobalSection(ProjectConfigurationPlatforms) = postSolution
		{BBAEA34D-2B76-498A-B877-36E15B432526}.Debug|Any CPU.ActiveCfg = Debug|Any CPU
		{BBAEA34D-2B76-498A-B877-36E15B432526}.Debug|Any CPU.Build.0 = Debug|Any CPU
		{BBAEA34D-2B76-498A-B877-36E15B432526}.Release|Any CPU.ActiveCfg = Release|Any CPU
		{BBAEA34D-2B76-498A-B877-36E15B432526}.Release|Any CPU.Build.0 = Release|Any CPU
		{BA7DB19D-B3E4-48DC-88A3-C3C68623D46E}.Debug|Any CPU.ActiveCfg = Debug|Any CPU
		{BA7DB19D-B3E4-48DC-88A3-C3C68623D46E}.Debug|Any CPU.Build.0 = Debug|Any CPU
		{BA7DB19D-B3E4-48DC-88A3-C3C68623D46E}.Release|Any CPU.ActiveCfg = Release|Any CPU
		{BA7DB19D-B3E4-48DC-88A3-C3C68623D46E}.Release|Any CPU.Build.0 = Release|Any CPU
		{7390C6CB-06D8-436F-B40C-844148D3B41A}.Debug|Any CPU.ActiveCfg = Debug|Any CPU
		{7390C6CB-06D8-436F-B40C-844148D3B41A}.Debug|Any CPU.Build.0 = Debug|Any CPU
		{7390C6CB-06D8-436F-B40C-844148D3B41A}.Release|Any CPU.ActiveCfg = Release|Any CPU
		{7390C6CB-06D8-436F-B40C-844148D3B41A}.Release|Any CPU.Build.0 = Release|Any CPU
		{0BC2547A-313F-4127-A0F5-BBA2C349FAA7}.Debug|Any CPU.ActiveCfg = Debug|Any CPU
		{0BC2547A-313F-4127-A0F5-BBA2C349FAA7}.Debug|Any CPU.Build.0 = Debug|Any CPU
		{0BC2547A-313F-4127-A0F5-BBA2C349FAA7}.Release|Any CPU.ActiveCfg = Release|Any CPU
		{0BC2547A-313F-4127-A0F5-BBA2C349FAA7}.Release|Any CPU.Build.0 = Release|Any CPU
	EndGlobalSection
EndGlobal
